
Microsoft Visual Studio Solution File, Format Version 12.00
# Visual Studio Version 16
VisualStudioVersion = 16.0.30517.126
MinimumVisualStudioVersion = 10.0.40219.1
Project("{FAE04EC0-301F-11D3-BF4B-00C04F79EFBC}") = "TeamProject", "TeamProject\TeamProject.csproj", "{3ACE7107-5668-4218-A605-4247344221F5}"
EndProject
Project("{FAE04EC0-301F-11D3-BF4B-00C04F79EFBC}") = "XunitTest", "XunitTest\XunitTest.csproj", "{0614424B-C7B0-405B-9460-82823343CA53}"
EndProject
Global
	GlobalSection(SolutionConfigurationPlatforms) = preSolution
		Debug|Any CPU = Debug|Any CPU
		Release|Any CPU = Release|Any CPU
	EndGlobalSection
	GlobalSection(ProjectConfigurationPlatforms) = postSolution
		{3ACE7107-5668-4218-A605-4247344221F5}.Debug|Any CPU.ActiveCfg = Debug|Any CPU
		{3ACE7107-5668-4218-A605-4247344221F5}.Debug|Any CPU.Build.0 = Debug|Any CPU
		{3ACE7107-5668-4218-A605-4247344221F5}.Release|Any CPU.ActiveCfg = Release|Any CPU
		{3ACE7107-5668-4218-A605-4247344221F5}.Release|Any CPU.Build.0 = Release|Any CPU
		{0614424B-C7B0-405B-9460-82823343CA53}.Debug|Any CPU.ActiveCfg = Debug|Any CPU
		{0614424B-C7B0-405B-9460-82823343CA53}.Debug|Any CPU.Build.0 = Debug|Any CPU
		{0614424B-C7B0-405B-9460-82823343CA53}.Release|Any CPU.ActiveCfg = Release|Any CPU
		{0614424B-C7B0-405B-9460-82823343CA53}.Release|Any CPU.Build.0 = Release|Any CPU
	EndGlobalSection
	GlobalSection(SolutionProperties) = preSolution
		HideSolutionNode = FALSE
	EndGlobalSection
	GlobalSection(ExtensibilityGlobals) = postSolution
		SolutionGuid = {891328DD-A3DB-4534-87D2-16A0DE3FDE98}
	EndGlobalSection
EndGlobal
